// !$*UTF8*$!
{
	archiveVersion = 1;
	classes = {
	};
	objectVersion = 51;
	objects = {

/* Begin PBXBuildFile section */
		2AE1CB0735060533C2B83391 /* Pods_InstagramFirestoreTutorialTests.framework in Frameworks */ = {isa = PBXBuildFile; fileRef = 3A155A17A2FCA52AFB7FA6C1 /* Pods_InstagramFirestoreTutorialTests.framework */; };
		2C3C1A57449BF4179028089B /* Pods_InstagramFirestoreTutorial_InstagramFirestoreTutorialUITests.framework in Frameworks */ = {isa = PBXBuildFile; fileRef = 6423FA59F2DF69E6CEC0A008 /* Pods_InstagramFirestoreTutorial_InstagramFirestoreTutorialUITests.framework */; };
		5D02E29E26209B3F00551F66 /* LoginViewPresenter.swift in Sources */ = {isa = PBXBuildFile; fileRef = 5D02E29D26209B3F00551F66 /* LoginViewPresenter.swift */; };
		5D03453B262DDB110076D86E /* ProfileCell.swift in Sources */ = {isa = PBXBuildFile; fileRef = 5D03453A262DDB110076D86E /* ProfileCell.swift */; };
		5D034543262DDB250076D86E /* ProfileHeader.swift in Sources */ = {isa = PBXBuildFile; fileRef = 5D034542262DDB250076D86E /* ProfileHeader.swift */; };
		5D4CF092262173FE009C33EC /* RegistrationViewPresenter.swift in Sources */ = {isa = PBXBuildFile; fileRef = 5D4CF091262173FE009C33EC /* RegistrationViewPresenter.swift */; };
		5D5B6B2E26371DF00092BB8F /* UserCellViewModel.swift in Sources */ = {isa = PBXBuildFile; fileRef = 5D5B6B2D26371DF00092BB8F /* UserCellViewModel.swift */; };
		5D7BC4ED261B73CB00426D53 /* FeedController.swift in Sources */ = {isa = PBXBuildFile; fileRef = 5D7BC4EC261B73CB00426D53 /* FeedController.swift */; };
		5D7BC4F2261B73E200426D53 /* SearchController.swift in Sources */ = {isa = PBXBuildFile; fileRef = 5D7BC4F1261B73E200426D53 /* SearchController.swift */; };
		5D7BC4F7261B73EB00426D53 /* ImageSelectorController.swift in Sources */ = {isa = PBXBuildFile; fileRef = 5D7BC4F6261B73EB00426D53 /* ImageSelectorController.swift */; };
		5D7BC4FC261B73FA00426D53 /* NotificationController.swift in Sources */ = {isa = PBXBuildFile; fileRef = 5D7BC4FB261B73FA00426D53 /* NotificationController.swift */; };
		5D7BC501261B740700426D53 /* ProfileController.swift in Sources */ = {isa = PBXBuildFile; fileRef = 5D7BC500261B740700426D53 /* ProfileController.swift */; };
		5D8360CA262FE7FA00E976A9 /* ProfileHeaderViewModel.swift in Sources */ = {isa = PBXBuildFile; fileRef = 5D8360C9262FE7FA00E976A9 /* ProfileHeaderViewModel.swift */; };
		5D8360F626301C0900E976A9 /* UserCell.swift in Sources */ = {isa = PBXBuildFile; fileRef = 5D8360F526301C0900E976A9 /* UserCell.swift */; };
		5D895DE0262F3F5C003FFF1D /* UserService.swift in Sources */ = {isa = PBXBuildFile; fileRef = 5D895DDF262F3F5C003FFF1D /* UserService.swift */; };
		5D895DE5262F3F95003FFF1D /* Constants.swift in Sources */ = {isa = PBXBuildFile; fileRef = 5D895DE4262F3F95003FFF1D /* Constants.swift */; };
		5D895DEA262F4133003FFF1D /* User.swift in Sources */ = {isa = PBXBuildFile; fileRef = 5D895DE9262F4133003FFF1D /* User.swift */; };
		5DBAE97E261A27E700F16CCB /* AppDelegate.swift in Sources */ = {isa = PBXBuildFile; fileRef = 5DBAE97D261A27E700F16CCB /* AppDelegate.swift */; };
		5DBAE980261A27E700F16CCB /* SceneDelegate.swift in Sources */ = {isa = PBXBuildFile; fileRef = 5DBAE97F261A27E700F16CCB /* SceneDelegate.swift */; };
		5DBAE982261A27E700F16CCB /* ViewController.swift in Sources */ = {isa = PBXBuildFile; fileRef = 5DBAE981261A27E700F16CCB /* ViewController.swift */; };
		5DBAE985261A27E700F16CCB /* Main.storyboard in Resources */ = {isa = PBXBuildFile; fileRef = 5DBAE983261A27E700F16CCB /* Main.storyboard */; };
		5DBAE987261A27E800F16CCB /* Assets.xcassets in Resources */ = {isa = PBXBuildFile; fileRef = 5DBAE986261A27E800F16CCB /* Assets.xcassets */; };
		5DBAE98A261A27E800F16CCB /* LaunchScreen.storyboard in Resources */ = {isa = PBXBuildFile; fileRef = 5DBAE988261A27E800F16CCB /* LaunchScreen.storyboard */; };
		5DBAE995261A27E800F16CCB /* InstagramFirestoreTutorialTests.swift in Sources */ = {isa = PBXBuildFile; fileRef = 5DBAE994261A27E800F16CCB /* InstagramFirestoreTutorialTests.swift */; };
		5DBAE9A0261A27E800F16CCB /* InstagramFirestoreTutorialUITests.swift in Sources */ = {isa = PBXBuildFile; fileRef = 5DBAE99F261A27E800F16CCB /* InstagramFirestoreTutorialUITests.swift */; };
		5DC065B9261D8D6500397954 /* BackgroundFactory.swift in Sources */ = {isa = PBXBuildFile; fileRef = 5DC065B8261D8D6500397954 /* BackgroundFactory.swift */; };
		5DC065BE261D9A5900397954 /* AuthenticationViewModel.swift in Sources */ = {isa = PBXBuildFile; fileRef = 5DC065BD261D9A5900397954 /* AuthenticationViewModel.swift */; };
		5DC992AA2629D1C90013CACB /* GoogleService-Info.plist in Resources */ = {isa = PBXBuildFile; fileRef = 5DC992A92629D1C90013CACB /* GoogleService-Info.plist */; };
		5DC992B72629D34A0013CACB /* ImageUploader.swift in Sources */ = {isa = PBXBuildFile; fileRef = 5DC992B62629D34A0013CACB /* ImageUploader.swift */; };
		5DCEEA3B262493C700B220F6 /* NetworkManager.swift in Sources */ = {isa = PBXBuildFile; fileRef = 5DCEEA3A262493C700B220F6 /* NetworkManager.swift */; };
		5DCEEA43262498C100B220F6 /* AuthRequest.swift in Sources */ = {isa = PBXBuildFile; fileRef = 5DCEEA42262498C100B220F6 /* AuthRequest.swift */; };
		5DCEEA482624991C00B220F6 /* AuthModel.swift in Sources */ = {isa = PBXBuildFile; fileRef = 5DCEEA472624991C00B220F6 /* AuthModel.swift */; };
		5DCEEA5026249E5A00B220F6 /* FirestoreManager.swift in Sources */ = {isa = PBXBuildFile; fileRef = 5DCEEA4F26249E5A00B220F6 /* FirestoreManager.swift */; };
		5DCEEA5526249F2300B220F6 /* AuthUseCase.swift in Sources */ = {isa = PBXBuildFile; fileRef = 5DCEEA5426249F2300B220F6 /* AuthUseCase.swift */; };
		5DE8F9D6261C98A90097BE3E /* TabBarItemFactory.swift in Sources */ = {isa = PBXBuildFile; fileRef = 5DE8F9D5261C98A90097BE3E /* TabBarItemFactory.swift */; };
		5DE8F9DB261CAA330097BE3E /* FeedCollectionViewCell.swift in Sources */ = {isa = PBXBuildFile; fileRef = 5DE8F9DA261CAA330097BE3E /* FeedCollectionViewCell.swift */; };
		5DE8F9F6261CB80F0097BE3E /* LoginController.swift in Sources */ = {isa = PBXBuildFile; fileRef = 5DE8F9F5261CB80F0097BE3E /* LoginController.swift */; };
		5DE8F9FE261CB8260097BE3E /* RegistrationController.swift in Sources */ = {isa = PBXBuildFile; fileRef = 5DE8F9FD261CB8260097BE3E /* RegistrationController.swift */; };
		5DE8FA03261CC82B0097BE3E /* CustomTextField.swift in Sources */ = {isa = PBXBuildFile; fileRef = 5DE8FA02261CC82B0097BE3E /* CustomTextField.swift */; };
		5DE8FA08261CCB770097BE3E /* ButtonFactory.swift in Sources */ = {isa = PBXBuildFile; fileRef = 5DE8FA07261CCB770097BE3E /* ButtonFactory.swift */; };
		5DEEEDC2261B6FAB00672FBA /* MainTabController.swift in Sources */ = {isa = PBXBuildFile; fileRef = 5DEEEDC1261B6FAB00672FBA /* MainTabController.swift */; };
		C79393B9C942873D74497030 /* Pods_InstagramFirestoreTutorial.framework in Frameworks */ = {isa = PBXBuildFile; fileRef = 42901193AA6C9F4EADD41137 /* Pods_InstagramFirestoreTutorial.framework */; };
/* End PBXBuildFile section */

/* Begin PBXContainerItemProxy section */
		5DBAE991261A27E800F16CCB /* PBXContainerItemProxy */ = {
			isa = PBXContainerItemProxy;
			containerPortal = 5DBAE972261A27E700F16CCB /* Project object */;
			proxyType = 1;
			remoteGlobalIDString = 5DBAE979261A27E700F16CCB;
			remoteInfo = InstagramFirestoreTutorial;
		};
		5DBAE99C261A27E800F16CCB /* PBXContainerItemProxy */ = {
			isa = PBXContainerItemProxy;
			containerPortal = 5DBAE972261A27E700F16CCB /* Project object */;
			proxyType = 1;
			remoteGlobalIDString = 5DBAE979261A27E700F16CCB;
			remoteInfo = InstagramFirestoreTutorial;
		};
/* End PBXContainerItemProxy section */

/* Begin PBXFileReference section */
		10374EA725E5D0DB22694731 /* Pods-InstagramFirestoreTutorial.debug.xcconfig */ = {isa = PBXFileReference; includeInIndex = 1; lastKnownFileType = text.xcconfig; name = "Pods-InstagramFirestoreTutorial.debug.xcconfig"; path = "Target Support Files/Pods-InstagramFirestoreTutorial/Pods-InstagramFirestoreTutorial.debug.xcconfig"; sourceTree = "<group>"; };
		35BF5A819CCC9CC7D2B6B472 /* Pods-InstagramFirestoreTutorial.release.xcconfig */ = {isa = PBXFileReference; includeInIndex = 1; lastKnownFileType = text.xcconfig; name = "Pods-InstagramFirestoreTutorial.release.xcconfig"; path = "Target Support Files/Pods-InstagramFirestoreTutorial/Pods-InstagramFirestoreTutorial.release.xcconfig"; sourceTree = "<group>"; };
		3A155A17A2FCA52AFB7FA6C1 /* Pods_InstagramFirestoreTutorialTests.framework */ = {isa = PBXFileReference; explicitFileType = wrapper.framework; includeInIndex = 0; path = Pods_InstagramFirestoreTutorialTests.framework; sourceTree = BUILT_PRODUCTS_DIR; };
		42901193AA6C9F4EADD41137 /* Pods_InstagramFirestoreTutorial.framework */ = {isa = PBXFileReference; explicitFileType = wrapper.framework; includeInIndex = 0; path = Pods_InstagramFirestoreTutorial.framework; sourceTree = BUILT_PRODUCTS_DIR; };
		5A5FF152509C38D5BD936815 /* Pods-InstagramFirestoreTutorialTests.release.xcconfig */ = {isa = PBXFileReference; includeInIndex = 1; lastKnownFileType = text.xcconfig; name = "Pods-InstagramFirestoreTutorialTests.release.xcconfig"; path = "Target Support Files/Pods-InstagramFirestoreTutorialTests/Pods-InstagramFirestoreTutorialTests.release.xcconfig"; sourceTree = "<group>"; };
		5D02E29D26209B3F00551F66 /* LoginViewPresenter.swift */ = {isa = PBXFileReference; lastKnownFileType = sourcecode.swift; path = LoginViewPresenter.swift; sourceTree = "<group>"; };
		5D034535262DD0020076D86E /* MyPlayground.playground */ = {isa = PBXFileReference; lastKnownFileType = file.playground; path = MyPlayground.playground; sourceTree = "<group>"; xcLanguageSpecificationIdentifier = xcode.lang.swift; };
		5D03453A262DDB110076D86E /* ProfileCell.swift */ = {isa = PBXFileReference; lastKnownFileType = sourcecode.swift; path = ProfileCell.swift; sourceTree = "<group>"; };
		5D034542262DDB250076D86E /* ProfileHeader.swift */ = {isa = PBXFileReference; lastKnownFileType = sourcecode.swift; path = ProfileHeader.swift; sourceTree = "<group>"; };
		5D4CF091262173FE009C33EC /* RegistrationViewPresenter.swift */ = {isa = PBXFileReference; lastKnownFileType = sourcecode.swift; path = RegistrationViewPresenter.swift; sourceTree = "<group>"; };
		5D5B6B2D26371DF00092BB8F /* UserCellViewModel.swift */ = {isa = PBXFileReference; lastKnownFileType = sourcecode.swift; path = UserCellViewModel.swift; sourceTree = "<group>"; };
		5D7BC4EC261B73CB00426D53 /* FeedController.swift */ = {isa = PBXFileReference; lastKnownFileType = sourcecode.swift; path = FeedController.swift; sourceTree = "<group>"; };
		5D7BC4F1261B73E200426D53 /* SearchController.swift */ = {isa = PBXFileReference; lastKnownFileType = sourcecode.swift; path = SearchController.swift; sourceTree = "<group>"; };
		5D7BC4F6261B73EB00426D53 /* ImageSelectorController.swift */ = {isa = PBXFileReference; lastKnownFileType = sourcecode.swift; path = ImageSelectorController.swift; sourceTree = "<group>"; };
		5D7BC4FB261B73FA00426D53 /* NotificationController.swift */ = {isa = PBXFileReference; lastKnownFileType = sourcecode.swift; path = NotificationController.swift; sourceTree = "<group>"; };
		5D7BC500261B740700426D53 /* ProfileController.swift */ = {isa = PBXFileReference; lastKnownFileType = sourcecode.swift; path = ProfileController.swift; sourceTree = "<group>"; };
		5D8360C9262FE7FA00E976A9 /* ProfileHeaderViewModel.swift */ = {isa = PBXFileReference; lastKnownFileType = sourcecode.swift; path = ProfileHeaderViewModel.swift; sourceTree = "<group>"; };
		5D8360F526301C0900E976A9 /* UserCell.swift */ = {isa = PBXFileReference; lastKnownFileType = sourcecode.swift; path = UserCell.swift; sourceTree = "<group>"; };
		5D895DDF262F3F5C003FFF1D /* UserService.swift */ = {isa = PBXFileReference; lastKnownFileType = sourcecode.swift; path = UserService.swift; sourceTree = "<group>"; };
		5D895DE4262F3F95003FFF1D /* Constants.swift */ = {isa = PBXFileReference; lastKnownFileType = sourcecode.swift; path = Constants.swift; sourceTree = "<group>"; };
		5D895DE9262F4133003FFF1D /* User.swift */ = {isa = PBXFileReference; lastKnownFileType = sourcecode.swift; path = User.swift; sourceTree = "<group>"; };
		5DBAE97A261A27E700F16CCB /* InstagramFirestoreTutorial.app */ = {isa = PBXFileReference; explicitFileType = wrapper.application; includeInIndex = 0; path = InstagramFirestoreTutorial.app; sourceTree = BUILT_PRODUCTS_DIR; };
		5DBAE97D261A27E700F16CCB /* AppDelegate.swift */ = {isa = PBXFileReference; lastKnownFileType = sourcecode.swift; path = AppDelegate.swift; sourceTree = "<group>"; };
		5DBAE97F261A27E700F16CCB /* SceneDelegate.swift */ = {isa = PBXFileReference; lastKnownFileType = sourcecode.swift; path = SceneDelegate.swift; sourceTree = "<group>"; };
		5DBAE981261A27E700F16CCB /* ViewController.swift */ = {isa = PBXFileReference; lastKnownFileType = sourcecode.swift; path = ViewController.swift; sourceTree = "<group>"; };
		5DBAE984261A27E700F16CCB /* Base */ = {isa = PBXFileReference; lastKnownFileType = file.storyboard; name = Base; path = Base.lproj/Main.storyboard; sourceTree = "<group>"; };
		5DBAE986261A27E800F16CCB /* Assets.xcassets */ = {isa = PBXFileReference; lastKnownFileType = folder.assetcatalog; path = Assets.xcassets; sourceTree = "<group>"; };
		5DBAE989261A27E800F16CCB /* Base */ = {isa = PBXFileReference; lastKnownFileType = file.storyboard; name = Base; path = Base.lproj/LaunchScreen.storyboard; sourceTree = "<group>"; };
		5DBAE98B261A27E800F16CCB /* Info.plist */ = {isa = PBXFileReference; lastKnownFileType = text.plist.xml; path = Info.plist; sourceTree = "<group>"; };
		5DBAE990261A27E800F16CCB /* InstagramFirestoreTutorialTests.xctest */ = {isa = PBXFileReference; explicitFileType = wrapper.cfbundle; includeInIndex = 0; path = InstagramFirestoreTutorialTests.xctest; sourceTree = BUILT_PRODUCTS_DIR; };
		5DBAE994261A27E800F16CCB /* InstagramFirestoreTutorialTests.swift */ = {isa = PBXFileReference; lastKnownFileType = sourcecode.swift; path = InstagramFirestoreTutorialTests.swift; sourceTree = "<group>"; };
		5DBAE996261A27E800F16CCB /* Info.plist */ = {isa = PBXFileReference; lastKnownFileType = text.plist.xml; path = Info.plist; sourceTree = "<group>"; };
		5DBAE99B261A27E800F16CCB /* InstagramFirestoreTutorialUITests.xctest */ = {isa = PBXFileReference; explicitFileType = wrapper.cfbundle; includeInIndex = 0; path = InstagramFirestoreTutorialUITests.xctest; sourceTree = BUILT_PRODUCTS_DIR; };
		5DBAE99F261A27E800F16CCB /* InstagramFirestoreTutorialUITests.swift */ = {isa = PBXFileReference; lastKnownFileType = sourcecode.swift; path = InstagramFirestoreTutorialUITests.swift; sourceTree = "<group>"; };
		5DBAE9A1261A27E800F16CCB /* Info.plist */ = {isa = PBXFileReference; lastKnownFileType = text.plist.xml; path = Info.plist; sourceTree = "<group>"; };
		5DC065B8261D8D6500397954 /* BackgroundFactory.swift */ = {isa = PBXFileReference; lastKnownFileType = sourcecode.swift; path = BackgroundFactory.swift; sourceTree = "<group>"; };
		5DC065BD261D9A5900397954 /* AuthenticationViewModel.swift */ = {isa = PBXFileReference; lastKnownFileType = sourcecode.swift; path = AuthenticationViewModel.swift; sourceTree = "<group>"; };
		5DC992A92629D1C90013CACB /* GoogleService-Info.plist */ = {isa = PBXFileReference; fileEncoding = 4; lastKnownFileType = text.plist.xml; path = "GoogleService-Info.plist"; sourceTree = "<group>"; };
		5DC992B62629D34A0013CACB /* ImageUploader.swift */ = {isa = PBXFileReference; lastKnownFileType = sourcecode.swift; path = ImageUploader.swift; sourceTree = "<group>"; };
		5DCEEA3A262493C700B220F6 /* NetworkManager.swift */ = {isa = PBXFileReference; lastKnownFileType = sourcecode.swift; path = NetworkManager.swift; sourceTree = "<group>"; };
		5DCEEA42262498C100B220F6 /* AuthRequest.swift */ = {isa = PBXFileReference; lastKnownFileType = sourcecode.swift; path = AuthRequest.swift; sourceTree = "<group>"; };
		5DCEEA472624991C00B220F6 /* AuthModel.swift */ = {isa = PBXFileReference; lastKnownFileType = sourcecode.swift; path = AuthModel.swift; sourceTree = "<group>"; };
		5DCEEA4F26249E5A00B220F6 /* FirestoreManager.swift */ = {isa = PBXFileReference; lastKnownFileType = sourcecode.swift; path = FirestoreManager.swift; sourceTree = "<group>"; };
		5DCEEA5426249F2300B220F6 /* AuthUseCase.swift */ = {isa = PBXFileReference; lastKnownFileType = sourcecode.swift; path = AuthUseCase.swift; sourceTree = "<group>"; };
		5DE8F9D5261C98A90097BE3E /* TabBarItemFactory.swift */ = {isa = PBXFileReference; lastKnownFileType = sourcecode.swift; path = TabBarItemFactory.swift; sourceTree = "<group>"; };
		5DE8F9DA261CAA330097BE3E /* FeedCollectionViewCell.swift */ = {isa = PBXFileReference; lastKnownFileType = sourcecode.swift; path = FeedCollectionViewCell.swift; sourceTree = "<group>"; };
		5DE8F9F5261CB80F0097BE3E /* LoginController.swift */ = {isa = PBXFileReference; lastKnownFileType = sourcecode.swift; path = LoginController.swift; sourceTree = "<group>"; };
		5DE8F9FD261CB8260097BE3E /* RegistrationController.swift */ = {isa = PBXFileReference; lastKnownFileType = sourcecode.swift; path = RegistrationController.swift; sourceTree = "<group>"; };
		5DE8FA02261CC82B0097BE3E /* CustomTextField.swift */ = {isa = PBXFileReference; lastKnownFileType = sourcecode.swift; path = CustomTextField.swift; sourceTree = "<group>"; };
		5DE8FA07261CCB770097BE3E /* ButtonFactory.swift */ = {isa = PBXFileReference; lastKnownFileType = sourcecode.swift; path = ButtonFactory.swift; sourceTree = "<group>"; };
		5DEEEDC1261B6FAB00672FBA /* MainTabController.swift */ = {isa = PBXFileReference; lastKnownFileType = sourcecode.swift; path = MainTabController.swift; sourceTree = "<group>"; };
		6423FA59F2DF69E6CEC0A008 /* Pods_InstagramFirestoreTutorial_InstagramFirestoreTutorialUITests.framework */ = {isa = PBXFileReference; explicitFileType = wrapper.framework; includeInIndex = 0; path = Pods_InstagramFirestoreTutorial_InstagramFirestoreTutorialUITests.framework; sourceTree = BUILT_PRODUCTS_DIR; };
		6A84AB5D603CF2AE52BA9884 /* Pods-InstagramFirestoreTutorialTests.debug.xcconfig */ = {isa = PBXFileReference; includeInIndex = 1; lastKnownFileType = text.xcconfig; name = "Pods-InstagramFirestoreTutorialTests.debug.xcconfig"; path = "Target Support Files/Pods-InstagramFirestoreTutorialTests/Pods-InstagramFirestoreTutorialTests.debug.xcconfig"; sourceTree = "<group>"; };
		DE6CDBA210E36F430A6FA868 /* Pods-InstagramFirestoreTutorial-InstagramFirestoreTutorialUITests.release.xcconfig */ = {isa = PBXFileReference; includeInIndex = 1; lastKnownFileType = text.xcconfig; name = "Pods-InstagramFirestoreTutorial-InstagramFirestoreTutorialUITests.release.xcconfig"; path = "Target Support Files/Pods-InstagramFirestoreTutorial-InstagramFirestoreTutorialUITests/Pods-InstagramFirestoreTutorial-InstagramFirestoreTutorialUITests.release.xcconfig"; sourceTree = "<group>"; };
		E9A64B9B1598876405119844 /* Pods-InstagramFirestoreTutorial-InstagramFirestoreTutorialUITests.debug.xcconfig */ = {isa = PBXFileReference; includeInIndex = 1; lastKnownFileType = text.xcconfig; name = "Pods-InstagramFirestoreTutorial-InstagramFirestoreTutorialUITests.debug.xcconfig"; path = "Target Support Files/Pods-InstagramFirestoreTutorial-InstagramFirestoreTutorialUITests/Pods-InstagramFirestoreTutorial-InstagramFirestoreTutorialUITests.debug.xcconfig"; sourceTree = "<group>"; };
/* End PBXFileReference section */

/* Begin PBXFrameworksBuildPhase section */
		5DBAE977261A27E700F16CCB /* Frameworks */ = {
			isa = PBXFrameworksBuildPhase;
			buildActionMask = 2147483647;
			files = (
				C79393B9C942873D74497030 /* Pods_InstagramFirestoreTutorial.framework in Frameworks */,
			);
			runOnlyForDeploymentPostprocessing = 0;
		};
		5DBAE98D261A27E800F16CCB /* Frameworks */ = {
			isa = PBXFrameworksBuildPhase;
			buildActionMask = 2147483647;
			files = (
				2AE1CB0735060533C2B83391 /* Pods_InstagramFirestoreTutorialTests.framework in Frameworks */,
			);
			runOnlyForDeploymentPostprocessing = 0;
		};
		5DBAE998261A27E800F16CCB /* Frameworks */ = {
			isa = PBXFrameworksBuildPhase;
			buildActionMask = 2147483647;
			files = (
				2C3C1A57449BF4179028089B /* Pods_InstagramFirestoreTutorial_InstagramFirestoreTutorialUITests.framework in Frameworks */,
			);
			runOnlyForDeploymentPostprocessing = 0;
		};
/* End PBXFrameworksBuildPhase section */

/* Begin PBXGroup section */
		0AB84319591B9C284BFC267A /* Pods */ = {
			isa = PBXGroup;
			children = (
				10374EA725E5D0DB22694731 /* Pods-InstagramFirestoreTutorial.debug.xcconfig */,
				35BF5A819CCC9CC7D2B6B472 /* Pods-InstagramFirestoreTutorial.release.xcconfig */,
				E9A64B9B1598876405119844 /* Pods-InstagramFirestoreTutorial-InstagramFirestoreTutorialUITests.debug.xcconfig */,
				DE6CDBA210E36F430A6FA868 /* Pods-InstagramFirestoreTutorial-InstagramFirestoreTutorialUITests.release.xcconfig */,
				6A84AB5D603CF2AE52BA9884 /* Pods-InstagramFirestoreTutorialTests.debug.xcconfig */,
				5A5FF152509C38D5BD936815 /* Pods-InstagramFirestoreTutorialTests.release.xcconfig */,
			);
			path = Pods;
			sourceTree = "<group>";
		};
		5D02E29C26209B2B00551F66 /* Presenter */ = {
			isa = PBXGroup;
			children = (
				5D02E29D26209B3F00551F66 /* LoginViewPresenter.swift */,
				5D4CF091262173FE009C33EC /* RegistrationViewPresenter.swift */,
			);
			path = Presenter;
			sourceTree = "<group>";
		};
		5D034539262DDAF70076D86E /* Profile */ = {
			isa = PBXGroup;
			children = (
				5D03453A262DDB110076D86E /* ProfileCell.swift */,
				5D034542262DDB250076D86E /* ProfileHeader.swift */,
			);
			path = Profile;
			sourceTree = "<group>";
		};
		5DBAE971261A27E700F16CCB = {
			isa = PBXGroup;
			children = (
				5DBAE97C261A27E700F16CCB /* InstagramFirestoreTutorial */,
				5DBAE993261A27E800F16CCB /* InstagramFirestoreTutorialTests */,
				5DBAE99E261A27E800F16CCB /* InstagramFirestoreTutorialUITests */,
				5DBAE97B261A27E700F16CCB /* Products */,
				0AB84319591B9C284BFC267A /* Pods */,
				C44C5A570750DB588D2D66C1 /* Frameworks */,
			);
			sourceTree = "<group>";
		};
		5DBAE97B261A27E700F16CCB /* Products */ = {
			isa = PBXGroup;
			children = (
				5DBAE97A261A27E700F16CCB /* InstagramFirestoreTutorial.app */,
				5DBAE990261A27E800F16CCB /* InstagramFirestoreTutorialTests.xctest */,
				5DBAE99B261A27E800F16CCB /* InstagramFirestoreTutorialUITests.xctest */,
			);
			name = Products;
			sourceTree = "<group>";
		};
		5DBAE97C261A27E700F16CCB /* InstagramFirestoreTutorial */ = {
			isa = PBXGroup;
			children = (
				5DC992BE2629D88E0013CACB /* Helper */,
				5DE8F9D3261C98580097BE3E /* Factory */,
				5DBAE9B5261A281300F16CCB /* Extensions */,
				5DBAE9B4261A280D00F16CCB /* API */,
				5D02E29C26209B2B00551F66 /* Presenter */,
				5DBAE9B3261A280500F16CCB /* Controller */,
				5DBAE9B2261A280000F16CCB /* ViewModel */,
				5DBAE9B1261A27FA00F16CCB /* View */,
				5DBAE9B0261A27F300F16CCB /* Model */,
				5DBAE97D261A27E700F16CCB /* AppDelegate.swift */,
				5DBAE97F261A27E700F16CCB /* SceneDelegate.swift */,
				5DBAE981261A27E700F16CCB /* ViewController.swift */,
				5DC992A92629D1C90013CACB /* GoogleService-Info.plist */,
				5DBAE983261A27E700F16CCB /* Main.storyboard */,
				5DBAE986261A27E800F16CCB /* Assets.xcassets */,
				5DBAE988261A27E800F16CCB /* LaunchScreen.storyboard */,
				5DBAE98B261A27E800F16CCB /* Info.plist */,
			);
			path = InstagramFirestoreTutorial;
			sourceTree = "<group>";
		};
		5DBAE993261A27E800F16CCB /* InstagramFirestoreTutorialTests */ = {
			isa = PBXGroup;
			children = (
				5DBAE994261A27E800F16CCB /* InstagramFirestoreTutorialTests.swift */,
				5DBAE996261A27E800F16CCB /* Info.plist */,
				5D034535262DD0020076D86E /* MyPlayground.playground */,
			);
			path = InstagramFirestoreTutorialTests;
			sourceTree = "<group>";
		};
		5DBAE99E261A27E800F16CCB /* InstagramFirestoreTutorialUITests */ = {
			isa = PBXGroup;
			children = (
				5DBAE99F261A27E800F16CCB /* InstagramFirestoreTutorialUITests.swift */,
				5DBAE9A1261A27E800F16CCB /* Info.plist */,
			);
			path = InstagramFirestoreTutorialUITests;
			sourceTree = "<group>";
		};
		5DBAE9B0261A27F300F16CCB /* Model */ = {
			isa = PBXGroup;
			children = (
				5DCEEA472624991C00B220F6 /* AuthModel.swift */,
				5D895DE9262F4133003FFF1D /* User.swift */,
			);
			path = Model;
			sourceTree = "<group>";
		};
		5DBAE9B1261A27FA00F16CCB /* View */ = {
			isa = PBXGroup;
			children = (
				5D034539262DDAF70076D86E /* Profile */,
				5DE8F9DA261CAA330097BE3E /* FeedCollectionViewCell.swift */,
				5DE8FA02261CC82B0097BE3E /* CustomTextField.swift */,
				5D8360F526301C0900E976A9 /* UserCell.swift */,
			);
			path = View;
			sourceTree = "<group>";
		};
		5DBAE9B2261A280000F16CCB /* ViewModel */ = {
			isa = PBXGroup;
			children = (
				5DC065BD261D9A5900397954 /* AuthenticationViewModel.swift */,
				5D8360C9262FE7FA00E976A9 /* ProfileHeaderViewModel.swift */,
				5D5B6B2D26371DF00092BB8F /* UserCellViewModel.swift */,
			);
			path = ViewModel;
			sourceTree = "<group>";
		};
		5DBAE9B3261A280500F16CCB /* Controller */ = {
			isa = PBXGroup;
			children = (
				5DE8F9F4261CB7FF0097BE3E /* Authentication */,
				5DEEEDC1261B6FAB00672FBA /* MainTabController.swift */,
				5D7BC4EC261B73CB00426D53 /* FeedController.swift */,
				5D7BC4F1261B73E200426D53 /* SearchController.swift */,
				5D7BC4F6261B73EB00426D53 /* ImageSelectorController.swift */,
				5D7BC4FB261B73FA00426D53 /* NotificationController.swift */,
				5D7BC500261B740700426D53 /* ProfileController.swift */,
			);
			path = Controller;
			sourceTree = "<group>";
		};
		5DBAE9B4261A280D00F16CCB /* API */ = {
			isa = PBXGroup;
			children = (
				5DCEEA3A262493C700B220F6 /* NetworkManager.swift */,
				5DCEEA42262498C100B220F6 /* AuthRequest.swift */,
				5DCEEA4F26249E5A00B220F6 /* FirestoreManager.swift */,
				5D895DDF262F3F5C003FFF1D /* UserService.swift */,
			);
			path = API;
			sourceTree = "<group>";
		};
		5DBAE9B5261A281300F16CCB /* Extensions */ = {
			isa = PBXGroup;
			children = (
			);
			path = Extensions;
			sourceTree = "<group>";
		};
		5DC992BE2629D88E0013CACB /* Helper */ = {
			isa = PBXGroup;
			children = (
				5DC992B62629D34A0013CACB /* ImageUploader.swift */,
				5DCEEA5426249F2300B220F6 /* AuthUseCase.swift */,
				5D895DE4262F3F95003FFF1D /* Constants.swift */,
			);
			path = Helper;
			sourceTree = "<group>";
		};
		5DE8F9D3261C98580097BE3E /* Factory */ = {
			isa = PBXGroup;
			children = (
				5DE8F9D5261C98A90097BE3E /* TabBarItemFactory.swift */,
				5DE8FA07261CCB770097BE3E /* ButtonFactory.swift */,
				5DC065B8261D8D6500397954 /* BackgroundFactory.swift */,
			);
			path = Factory;
			sourceTree = "<group>";
		};
		5DE8F9F4261CB7FF0097BE3E /* Authentication */ = {
			isa = PBXGroup;
			children = (
				5DE8F9F5261CB80F0097BE3E /* LoginController.swift */,
				5DE8F9FD261CB8260097BE3E /* RegistrationController.swift */,
			);
			path = Authentication;
			sourceTree = "<group>";
		};
		C44C5A570750DB588D2D66C1 /* Frameworks */ = {
			isa = PBXGroup;
			children = (
				42901193AA6C9F4EADD41137 /* Pods_InstagramFirestoreTutorial.framework */,
				6423FA59F2DF69E6CEC0A008 /* Pods_InstagramFirestoreTutorial_InstagramFirestoreTutorialUITests.framework */,
				3A155A17A2FCA52AFB7FA6C1 /* Pods_InstagramFirestoreTutorialTests.framework */,
			);
			name = Frameworks;
			sourceTree = "<group>";
		};
/* End PBXGroup section */

/* Begin PBXNativeTarget section */
		5DBAE979261A27E700F16CCB /* InstagramFirestoreTutorial */ = {
			isa = PBXNativeTarget;
			buildConfigurationList = 5DBAE9A4261A27E800F16CCB /* Build configuration list for PBXNativeTarget "InstagramFirestoreTutorial" */;
			buildPhases = (
				746D5B38F917460A7D312B6D /* [CP] Check Pods Manifest.lock */,
				5DBAE976261A27E700F16CCB /* Sources */,
				5DBAE977261A27E700F16CCB /* Frameworks */,
				5DBAE978261A27E700F16CCB /* Resources */,
				07DB828384E37C3C16FC7AA3 /* [CP] Embed Pods Frameworks */,
			);
			buildRules = (
			);
			dependencies = (
			);
			name = InstagramFirestoreTutorial;
			productName = InstagramFirestoreTutorial;
			productReference = 5DBAE97A261A27E700F16CCB /* InstagramFirestoreTutorial.app */;
			productType = "com.apple.product-type.application";
		};
		5DBAE98F261A27E800F16CCB /* InstagramFirestoreTutorialTests */ = {
			isa = PBXNativeTarget;
			buildConfigurationList = 5DBAE9A7261A27E800F16CCB /* Build configuration list for PBXNativeTarget "InstagramFirestoreTutorialTests" */;
			buildPhases = (
				ADC0EF528EBAA3290EECF40C /* [CP] Check Pods Manifest.lock */,
				5DBAE98C261A27E800F16CCB /* Sources */,
				5DBAE98D261A27E800F16CCB /* Frameworks */,
				5DBAE98E261A27E800F16CCB /* Resources */,
			);
			buildRules = (
			);
			dependencies = (
				5DBAE992261A27E800F16CCB /* PBXTargetDependency */,
			);
			name = InstagramFirestoreTutorialTests;
			productName = InstagramFirestoreTutorialTests;
			productReference = 5DBAE990261A27E800F16CCB /* InstagramFirestoreTutorialTests.xctest */;
			productType = "com.apple.product-type.bundle.unit-test";
		};
		5DBAE99A261A27E800F16CCB /* InstagramFirestoreTutorialUITests */ = {
			isa = PBXNativeTarget;
			buildConfigurationList = 5DBAE9AA261A27E800F16CCB /* Build configuration list for PBXNativeTarget "InstagramFirestoreTutorialUITests" */;
			buildPhases = (
				79BE2A3798C66B929F914CA2 /* [CP] Check Pods Manifest.lock */,
				5DBAE997261A27E800F16CCB /* Sources */,
				5DBAE998261A27E800F16CCB /* Frameworks */,
				5DBAE999261A27E800F16CCB /* Resources */,
				E4E50ABC2B61AEBDFD77EEB6 /* [CP] Embed Pods Frameworks */,
			);
			buildRules = (
			);
			dependencies = (
				5DBAE99D261A27E800F16CCB /* PBXTargetDependency */,
			);
			name = InstagramFirestoreTutorialUITests;
			productName = InstagramFirestoreTutorialUITests;
			productReference = 5DBAE99B261A27E800F16CCB /* InstagramFirestoreTutorialUITests.xctest */;
			productType = "com.apple.product-type.bundle.ui-testing";
		};
/* End PBXNativeTarget section */

/* Begin PBXProject section */
		5DBAE972261A27E700F16CCB /* Project object */ = {
			isa = PBXProject;
			attributes = {
				LastSwiftUpdateCheck = 1230;
				LastUpgradeCheck = 1230;
				TargetAttributes = {
					5DBAE979261A27E700F16CCB = {
						CreatedOnToolsVersion = 12.3;
					};
					5DBAE98F261A27E800F16CCB = {
						CreatedOnToolsVersion = 12.3;
						TestTargetID = 5DBAE979261A27E700F16CCB;
					};
					5DBAE99A261A27E800F16CCB = {
						CreatedOnToolsVersion = 12.3;
						TestTargetID = 5DBAE979261A27E700F16CCB;
					};
				};
			};
			buildConfigurationList = 5DBAE975261A27E700F16CCB /* Build configuration list for PBXProject "InstagramFirestoreTutorial" */;
			compatibilityVersion = "Xcode 9.3";
			developmentRegion = en;
			hasScannedForEncodings = 0;
			knownRegions = (
				en,
				Base,
			);
			mainGroup = 5DBAE971261A27E700F16CCB;
			productRefGroup = 5DBAE97B261A27E700F16CCB /* Products */;
			projectDirPath = "";
			projectRoot = "";
			targets = (
				5DBAE979261A27E700F16CCB /* InstagramFirestoreTutorial */,
				5DBAE98F261A27E800F16CCB /* InstagramFirestoreTutorialTests */,
				5DBAE99A261A27E800F16CCB /* InstagramFirestoreTutorialUITests */,
			);
		};
/* End PBXProject section */

/* Begin PBXResourcesBuildPhase section */
		5DBAE978261A27E700F16CCB /* Resources */ = {
			isa = PBXResourcesBuildPhase;
			buildActionMask = 2147483647;
			files = (
				5DBAE98A261A27E800F16CCB /* LaunchScreen.storyboard in Resources */,
				5DC992AA2629D1C90013CACB /* GoogleService-Info.plist in Resources */,
				5DBAE987261A27E800F16CCB /* Assets.xcassets in Resources */,
				5DBAE985261A27E700F16CCB /* Main.storyboard in Resources */,
			);
			runOnlyForDeploymentPostprocessing = 0;
		};
		5DBAE98E261A27E800F16CCB /* Resources */ = {
			isa = PBXResourcesBuildPhase;
			buildActionMask = 2147483647;
			files = (
			);
			runOnlyForDeploymentPostprocessing = 0;
		};
		5DBAE999261A27E800F16CCB /* Resources */ = {
			isa = PBXResourcesBuildPhase;
			buildActionMask = 2147483647;
			files = (
			);
			runOnlyForDeploymentPostprocessing = 0;
		};
/* End PBXResourcesBuildPhase section */

/* Begin PBXShellScriptBuildPhase section */
		07DB828384E37C3C16FC7AA3 /* [CP] Embed Pods Frameworks */ = {
			isa = PBXShellScriptBuildPhase;
			buildActionMask = 2147483647;
			files = (
			);
			inputFileListPaths = (
				"${PODS_ROOT}/Target Support Files/Pods-InstagramFirestoreTutorial/Pods-InstagramFirestoreTutorial-frameworks-${CONFIGURATION}-input-files.xcfilelist",
			);
			name = "[CP] Embed Pods Frameworks";
			outputFileListPaths = (
				"${PODS_ROOT}/Target Support Files/Pods-InstagramFirestoreTutorial/Pods-InstagramFirestoreTutorial-frameworks-${CONFIGURATION}-output-files.xcfilelist",
			);
			runOnlyForDeploymentPostprocessing = 0;
			shellPath = /bin/sh;
			shellScript = "\"${PODS_ROOT}/Target Support Files/Pods-InstagramFirestoreTutorial/Pods-InstagramFirestoreTutorial-frameworks.sh\"\n";
			showEnvVarsInLog = 0;
		};
		746D5B38F917460A7D312B6D /* [CP] Check Pods Manifest.lock */ = {
			isa = PBXShellScriptBuildPhase;
			buildActionMask = 2147483647;
			files = (
			);
			inputFileListPaths = (
			);
			inputPaths = (
				"${PODS_PODFILE_DIR_PATH}/Podfile.lock",
				"${PODS_ROOT}/Manifest.lock",
			);
			name = "[CP] Check Pods Manifest.lock";
			outputFileListPaths = (
			);
			outputPaths = (
				"$(DERIVED_FILE_DIR)/Pods-InstagramFirestoreTutorial-checkManifestLockResult.txt",
			);
			runOnlyForDeploymentPostprocessing = 0;
			shellPath = /bin/sh;
			shellScript = "diff \"${PODS_PODFILE_DIR_PATH}/Podfile.lock\" \"${PODS_ROOT}/Manifest.lock\" > /dev/null\nif [ $? != 0 ] ; then\n    # print error to STDERR\n    echo \"error: The sandbox is not in sync with the Podfile.lock. Run 'pod install' or update your CocoaPods installation.\" >&2\n    exit 1\nfi\n# This output is used by Xcode 'outputs' to avoid re-running this script phase.\necho \"SUCCESS\" > \"${SCRIPT_OUTPUT_FILE_0}\"\n";
			showEnvVarsInLog = 0;
		};
		79BE2A3798C66B929F914CA2 /* [CP] Check Pods Manifest.lock */ = {
			isa = PBXShellScriptBuildPhase;
			buildActionMask = 2147483647;
			files = (
			);
			inputFileListPaths = (
			);
			inputPaths = (
				"${PODS_PODFILE_DIR_PATH}/Podfile.lock",
				"${PODS_ROOT}/Manifest.lock",
			);
			name = "[CP] Check Pods Manifest.lock";
			outputFileListPaths = (
			);
			outputPaths = (
				"$(DERIVED_FILE_DIR)/Pods-InstagramFirestoreTutorial-InstagramFirestoreTutorialUITests-checkManifestLockResult.txt",
			);
			runOnlyForDeploymentPostprocessing = 0;
			shellPath = /bin/sh;
			shellScript = "diff \"${PODS_PODFILE_DIR_PATH}/Podfile.lock\" \"${PODS_ROOT}/Manifest.lock\" > /dev/null\nif [ $? != 0 ] ; then\n    # print error to STDERR\n    echo \"error: The sandbox is not in sync with the Podfile.lock. Run 'pod install' or update your CocoaPods installation.\" >&2\n    exit 1\nfi\n# This output is used by Xcode 'outputs' to avoid re-running this script phase.\necho \"SUCCESS\" > \"${SCRIPT_OUTPUT_FILE_0}\"\n";
			showEnvVarsInLog = 0;
		};
		ADC0EF528EBAA3290EECF40C /* [CP] Check Pods Manifest.lock */ = {
			isa = PBXShellScriptBuildPhase;
			buildActionMask = 2147483647;
			files = (
			);
			inputFileListPaths = (
			);
			inputPaths = (
				"${PODS_PODFILE_DIR_PATH}/Podfile.lock",
				"${PODS_ROOT}/Manifest.lock",
			);
			name = "[CP] Check Pods Manifest.lock";
			outputFileListPaths = (
			);
			outputPaths = (
				"$(DERIVED_FILE_DIR)/Pods-InstagramFirestoreTutorialTests-checkManifestLockResult.txt",
			);
			runOnlyForDeploymentPostprocessing = 0;
			shellPath = /bin/sh;
			shellScript = "diff \"${PODS_PODFILE_DIR_PATH}/Podfile.lock\" \"${PODS_ROOT}/Manifest.lock\" > /dev/null\nif [ $? != 0 ] ; then\n    # print error to STDERR\n    echo \"error: The sandbox is not in sync with the Podfile.lock. Run 'pod install' or update your CocoaPods installation.\" >&2\n    exit 1\nfi\n# This output is used by Xcode 'outputs' to avoid re-running this script phase.\necho \"SUCCESS\" > \"${SCRIPT_OUTPUT_FILE_0}\"\n";
			showEnvVarsInLog = 0;
		};
		E4E50ABC2B61AEBDFD77EEB6 /* [CP] Embed Pods Frameworks */ = {
			isa = PBXShellScriptBuildPhase;
			buildActionMask = 2147483647;
			files = (
			);
			inputFileListPaths = (
				"${PODS_ROOT}/Target Support Files/Pods-InstagramFirestoreTutorial-InstagramFirestoreTutorialUITests/Pods-InstagramFirestoreTutorial-InstagramFirestoreTutorialUITests-frameworks-${CONFIGURATION}-input-files.xcfilelist",
			);
			name = "[CP] Embed Pods Frameworks";
			outputFileListPaths = (
				"${PODS_ROOT}/Target Support Files/Pods-InstagramFirestoreTutorial-InstagramFirestoreTutorialUITests/Pods-InstagramFirestoreTutorial-InstagramFirestoreTutorialUITests-frameworks-${CONFIGURATION}-output-files.xcfilelist",
			);
			runOnlyForDeploymentPostprocessing = 0;
			shellPath = /bin/sh;
			shellScript = "\"${PODS_ROOT}/Target Support Files/Pods-InstagramFirestoreTutorial-InstagramFirestoreTutorialUITests/Pods-InstagramFirestoreTutorial-InstagramFirestoreTutorialUITests-frameworks.sh\"\n";
			showEnvVarsInLog = 0;
		};
/* End PBXShellScriptBuildPhase section */

/* Begin PBXSourcesBuildPhase section */
		5DBAE976261A27E700F16CCB /* Sources */ = {
			isa = PBXSourcesBuildPhase;
			buildActionMask = 2147483647;
			files = (
				5D895DE0262F3F5C003FFF1D /* UserService.swift in Sources */,
				5DCEEA5026249E5A00B220F6 /* FirestoreManager.swift in Sources */,
				5DE8FA03261CC82B0097BE3E /* CustomTextField.swift in Sources */,
				5DC992B72629D34A0013CACB /* ImageUploader.swift in Sources */,
				5DBAE982261A27E700F16CCB /* ViewController.swift in Sources */,
				5D5B6B2E26371DF00092BB8F /* UserCellViewModel.swift in Sources */,
				5D895DE5262F3F95003FFF1D /* Constants.swift in Sources */,
				5DC065BE261D9A5900397954 /* AuthenticationViewModel.swift in Sources */,
				5D8360CA262FE7FA00E976A9 /* ProfileHeaderViewModel.swift in Sources */,
				5D8360F626301C0900E976A9 /* UserCell.swift in Sources */,
				5DE8F9F6261CB80F0097BE3E /* LoginController.swift in Sources */,
				5D895DEA262F4133003FFF1D /* User.swift in Sources */,
				5D4CF092262173FE009C33EC /* RegistrationViewPresenter.swift in Sources */,
				5D7BC4F7261B73EB00426D53 /* ImageSelectorController.swift in Sources */,
				5DCEEA5526249F2300B220F6 /* AuthUseCase.swift in Sources */,
				5DE8F9DB261CAA330097BE3E /* FeedCollectionViewCell.swift in Sources */,
				5DCEEA3B262493C700B220F6 /* NetworkManager.swift in Sources */,
				5D7BC4FC261B73FA00426D53 /* NotificationController.swift in Sources */,
				5DE8FA08261CCB770097BE3E /* ButtonFactory.swift in Sources */,
				5D03453B262DDB110076D86E /* ProfileCell.swift in Sources */,
				5D7BC4F2261B73E200426D53 /* SearchController.swift in Sources */,
				5DBAE97E261A27E700F16CCB /* AppDelegate.swift in Sources */,
				5DCEEA43262498C100B220F6 /* AuthRequest.swift in Sources */,
				5D7BC501261B740700426D53 /* ProfileController.swift in Sources */,
				5DC065B9261D8D6500397954 /* BackgroundFactory.swift in Sources */,
				5D7BC4ED261B73CB00426D53 /* FeedController.swift in Sources */,
				5DEEEDC2261B6FAB00672FBA /* MainTabController.swift in Sources */,
				5DBAE980261A27E700F16CCB /* SceneDelegate.swift in Sources */,
				5D02E29E26209B3F00551F66 /* LoginViewPresenter.swift in Sources */,
				5DE8F9D6261C98A90097BE3E /* TabBarItemFactory.swift in Sources */,
				5DE8F9FE261CB8260097BE3E /* RegistrationController.swift in Sources */,
				5DCEEA482624991C00B220F6 /* AuthModel.swift in Sources */,
				5D034543262DDB250076D86E /* ProfileHeader.swift in Sources */,
			);
			runOnlyForDeploymentPostprocessing = 0;
		};
		5DBAE98C261A27E800F16CCB /* Sources */ = {
			isa = PBXSourcesBuildPhase;
			buildActionMask = 2147483647;
			files = (
				5DBAE995261A27E800F16CCB /* InstagramFirestoreTutorialTests.swift in Sources */,
			);
			runOnlyForDeploymentPostprocessing = 0;
		};
		5DBAE997261A27E800F16CCB /* Sources */ = {
			isa = PBXSourcesBuildPhase;
			buildActionMask = 2147483647;
			files = (
				5DBAE9A0261A27E800F16CCB /* InstagramFirestoreTutorialUITests.swift in Sources */,
			);
			runOnlyForDeploymentPostprocessing = 0;
		};
/* End PBXSourcesBuildPhase section */

/* Begin PBXTargetDependency section */
		5DBAE992261A27E800F16CCB /* PBXTargetDependency */ = {
			isa = PBXTargetDependency;
			target = 5DBAE979261A27E700F16CCB /* InstagramFirestoreTutorial */;
			targetProxy = 5DBAE991261A27E800F16CCB /* PBXContainerItemProxy */;
		};
		5DBAE99D261A27E800F16CCB /* PBXTargetDependency */ = {
			isa = PBXTargetDependency;
			target = 5DBAE979261A27E700F16CCB /* InstagramFirestoreTutorial */;
			targetProxy = 5DBAE99C261A27E800F16CCB /* PBXContainerItemProxy */;
		};
/* End PBXTargetDependency section */

/* Begin PBXVariantGroup section */
		5DBAE983261A27E700F16CCB /* Main.storyboard */ = {
			isa = PBXVariantGroup;
			children = (
				5DBAE984261A27E700F16CCB /* Base */,
			);
			name = Main.storyboard;
			sourceTree = "<group>";
		};
		5DBAE988261A27E800F16CCB /* LaunchScreen.storyboard */ = {
			isa = PBXVariantGroup;
			children = (
				5DBAE989261A27E800F16CCB /* Base */,
			);
			name = LaunchScreen.storyboard;
			sourceTree = "<group>";
		};
/* End PBXVariantGroup section */

/* Begin XCBuildConfiguration section */
		5DBAE9A2261A27E800F16CCB /* Debug */ = {
			isa = XCBuildConfiguration;
			buildSettings = {
				ALWAYS_SEARCH_USER_PATHS = NO;
				CLANG_ANALYZER_NONNULL = YES;
				CLANG_ANALYZER_NUMBER_OBJECT_CONVERSION = YES_AGGRESSIVE;
				CLANG_CXX_LANGUAGE_STANDARD = "gnu++14";
				CLANG_CXX_LIBRARY = "libc++";
				CLANG_ENABLE_MODULES = YES;
				CLANG_ENABLE_OBJC_ARC = YES;
				CLANG_ENABLE_OBJC_WEAK = YES;
				CLANG_WARN_BLOCK_CAPTURE_AUTORELEASING = YES;
				CLANG_WARN_BOOL_CONVERSION = YES;
				CLANG_WARN_COMMA = YES;
				CLANG_WARN_CONSTANT_CONVERSION = YES;
				CLANG_WARN_DEPRECATED_OBJC_IMPLEMENTATIONS = YES;
				CLANG_WARN_DIRECT_OBJC_ISA_USAGE = YES_ERROR;
				CLANG_WARN_DOCUMENTATION_COMMENTS = YES;
				CLANG_WARN_EMPTY_BODY = YES;
				CLANG_WARN_ENUM_CONVERSION = YES;
				CLANG_WARN_INFINITE_RECURSION = YES;
				CLANG_WARN_INT_CONVERSION = YES;
				CLANG_WARN_NON_LITERAL_NULL_CONVERSION = YES;
				CLANG_WARN_OBJC_IMPLICIT_RETAIN_SELF = YES;
				CLANG_WARN_OBJC_LITERAL_CONVERSION = YES;
				CLANG_WARN_OBJC_ROOT_CLASS = YES_ERROR;
				CLANG_WARN_QUOTED_INCLUDE_IN_FRAMEWORK_HEADER = YES;
				CLANG_WARN_RANGE_LOOP_ANALYSIS = YES;
				CLANG_WARN_STRICT_PROTOTYPES = YES;
				CLANG_WARN_SUSPICIOUS_MOVE = YES;
				CLANG_WARN_UNGUARDED_AVAILABILITY = YES_AGGRESSIVE;
				CLANG_WARN_UNREACHABLE_CODE = YES;
				CLANG_WARN__DUPLICATE_METHOD_MATCH = YES;
				COPY_PHASE_STRIP = NO;
				DEBUG_INFORMATION_FORMAT = dwarf;
				ENABLE_STRICT_OBJC_MSGSEND = YES;
				ENABLE_TESTABILITY = YES;
				GCC_C_LANGUAGE_STANDARD = gnu11;
				GCC_DYNAMIC_NO_PIC = NO;
				GCC_NO_COMMON_BLOCKS = YES;
				GCC_OPTIMIZATION_LEVEL = 0;
				GCC_PREPROCESSOR_DEFINITIONS = (
					"DEBUG=1",
					"$(inherited)",
				);
				GCC_WARN_64_TO_32_BIT_CONVERSION = YES;
				GCC_WARN_ABOUT_RETURN_TYPE = YES_ERROR;
				GCC_WARN_UNDECLARED_SELECTOR = YES;
				GCC_WARN_UNINITIALIZED_AUTOS = YES_AGGRESSIVE;
				GCC_WARN_UNUSED_FUNCTION = YES;
				GCC_WARN_UNUSED_VARIABLE = YES;
				IPHONEOS_DEPLOYMENT_TARGET = 14.3;
				MTL_ENABLE_DEBUG_INFO = INCLUDE_SOURCE;
				MTL_FAST_MATH = YES;
				ONLY_ACTIVE_ARCH = YES;
				SDKROOT = iphoneos;
				SWIFT_ACTIVE_COMPILATION_CONDITIONS = DEBUG;
				SWIFT_OPTIMIZATION_LEVEL = "-Onone";
			};
			name = Debug;
		};
		5DBAE9A3261A27E800F16CCB /* Release */ = {
			isa = XCBuildConfiguration;
			buildSettings = {
				ALWAYS_SEARCH_USER_PATHS = NO;
				CLANG_ANALYZER_NONNULL = YES;
				CLANG_ANALYZER_NUMBER_OBJECT_CONVERSION = YES_AGGRESSIVE;
				CLANG_CXX_LANGUAGE_STANDARD = "gnu++14";
				CLANG_CXX_LIBRARY = "libc++";
				CLANG_ENABLE_MODULES = YES;
				CLANG_ENABLE_OBJC_ARC = YES;
				CLANG_ENABLE_OBJC_WEAK = YES;
				CLANG_WARN_BLOCK_CAPTURE_AUTORELEASING = YES;
				CLANG_WARN_BOOL_CONVERSION = YES;
				CLANG_WARN_COMMA = YES;
				CLANG_WARN_CONSTANT_CONVERSION = YES;
				CLANG_WARN_DEPRECATED_OBJC_IMPLEMENTATIONS = YES;
				CLANG_WARN_DIRECT_OBJC_ISA_USAGE = YES_ERROR;
				CLANG_WARN_DOCUMENTATION_COMMENTS = YES;
				CLANG_WARN_EMPTY_BODY = YES;
				CLANG_WARN_ENUM_CONVERSION = YES;
				CLANG_WARN_INFINITE_RECURSION = YES;
				CLANG_WARN_INT_CONVERSION = YES;
				CLANG_WARN_NON_LITERAL_NULL_CONVERSION = YES;
				CLANG_WARN_OBJC_IMPLICIT_RETAIN_SELF = YES;
				CLANG_WARN_OBJC_LITERAL_CONVERSION = YES;
				CLANG_WARN_OBJC_ROOT_CLASS = YES_ERROR;
				CLANG_WARN_QUOTED_INCLUDE_IN_FRAMEWORK_HEADER = YES;
				CLANG_WARN_RANGE_LOOP_ANALYSIS = YES;
				CLANG_WARN_STRICT_PROTOTYPES = YES;
				CLANG_WARN_SUSPICIOUS_MOVE = YES;
				CLANG_WARN_UNGUARDED_AVAILABILITY = YES_AGGRESSIVE;
				CLANG_WARN_UNREACHABLE_CODE = YES;
				CLANG_WARN__DUPLICATE_METHOD_MATCH = YES;
				COPY_PHASE_STRIP = NO;
				DEBUG_INFORMATION_FORMAT = "dwarf-with-dsym";
				ENABLE_NS_ASSERTIONS = NO;
				ENABLE_STRICT_OBJC_MSGSEND = YES;
				GCC_C_LANGUAGE_STANDARD = gnu11;
				GCC_NO_COMMON_BLOCKS = YES;
				GCC_WARN_64_TO_32_BIT_CONVERSION = YES;
				GCC_WARN_ABOUT_RETURN_TYPE = YES_ERROR;
				GCC_WARN_UNDECLARED_SELECTOR = YES;
				GCC_WARN_UNINITIALIZED_AUTOS = YES_AGGRESSIVE;
				GCC_WARN_UNUSED_FUNCTION = YES;
				GCC_WARN_UNUSED_VARIABLE = YES;
				IPHONEOS_DEPLOYMENT_TARGET = 14.3;
				MTL_ENABLE_DEBUG_INFO = NO;
				MTL_FAST_MATH = YES;
				SDKROOT = iphoneos;
				SWIFT_COMPILATION_MODE = wholemodule;
				SWIFT_OPTIMIZATION_LEVEL = "-O";
				VALIDATE_PRODUCT = YES;
			};
			name = Release;
		};
		5DBAE9A5261A27E800F16CCB /* Debug */ = {
			isa = XCBuildConfiguration;
			baseConfigurationReference = 10374EA725E5D0DB22694731 /* Pods-InstagramFirestoreTutorial.debug.xcconfig */;
			buildSettings = {
				ASSETCATALOG_COMPILER_APPICON_NAME = AppIcon;
				ASSETCATALOG_COMPILER_GLOBAL_ACCENT_COLOR_NAME = AccentColor;
				CODE_SIGN_STYLE = Automatic;
				INFOPLIST_FILE = InstagramFirestoreTutorial/Info.plist;
				LD_RUNPATH_SEARCH_PATHS = (
					"$(inherited)",
					"@executable_path/Frameworks",
				);
				PRODUCT_BUNDLE_IDENTIFIER = com.bean.InstagramFirestoreTutorial;
				PRODUCT_NAME = "$(TARGET_NAME)";
				SWIFT_VERSION = 5.0;
				TARGETED_DEVICE_FAMILY = "1,2";
			};
			name = Debug;
		};
		5DBAE9A6261A27E800F16CCB /* Release */ = {
			isa = XCBuildConfiguration;
			baseConfigurationReference = 35BF5A819CCC9CC7D2B6B472 /* Pods-InstagramFirestoreTutorial.release.xcconfig */;
			buildSettings = {
				ASSETCATALOG_COMPILER_APPICON_NAME = AppIcon;
				ASSETCATALOG_COMPILER_GLOBAL_ACCENT_COLOR_NAME = AccentColor;
				CODE_SIGN_STYLE = Automatic;
				INFOPLIST_FILE = InstagramFirestoreTutorial/Info.plist;
				LD_RUNPATH_SEARCH_PATHS = (
					"$(inherited)",
					"@executable_path/Frameworks",
				);
				PRODUCT_BUNDLE_IDENTIFIER = com.bean.InstagramFirestoreTutorial;
				PRODUCT_NAME = "$(TARGET_NAME)";
				SWIFT_VERSION = 5.0;
				TARGETED_DEVICE_FAMILY = "1,2";
			};
			name = Release;
		};
		5DBAE9A8261A27E800F16CCB /* Debug */ = {
			isa = XCBuildConfiguration;
			baseConfigurationReference = 6A84AB5D603CF2AE52BA9884 /* Pods-InstagramFirestoreTutorialTests.debug.xcconfig */;
			buildSettings = {
				ALWAYS_EMBED_SWIFT_STANDARD_LIBRARIES = YES;
				BUNDLE_LOADER = "$(TEST_HOST)";
				CODE_SIGN_STYLE = Automatic;
				INFOPLIST_FILE = InstagramFirestoreTutorialTests/Info.plist;
				IPHONEOS_DEPLOYMENT_TARGET = 14.3;
				LD_RUNPATH_SEARCH_PATHS = (
					"$(inherited)",
					"@executable_path/Frameworks",
					"@loader_path/Frameworks",
				);
				PRODUCT_BUNDLE_IDENTIFIER = com.bean.InstagramFirestoreTutorialTests;
				PRODUCT_NAME = "$(TARGET_NAME)";
				SWIFT_VERSION = 5.0;
				TARGETED_DEVICE_FAMILY = "1,2";
				TEST_HOST = "$(BUILT_PRODUCTS_DIR)/InstagramFirestoreTutorial.app/InstagramFirestoreTutorial";
			};
			name = Debug;
		};
		5DBAE9A9261A27E800F16CCB /* Release */ = {
			isa = XCBuildConfiguration;
			baseConfigurationReference = 5A5FF152509C38D5BD936815 /* Pods-InstagramFirestoreTutorialTests.release.xcconfig */;
			buildSettings = {
				ALWAYS_EMBED_SWIFT_STANDARD_LIBRARIES = YES;
				BUNDLE_LOADER = "$(TEST_HOST)";
				CODE_SIGN_STYLE = Automatic;
				INFOPLIST_FILE = InstagramFirestoreTutorialTests/Info.plist;
				IPHONEOS_DEPLOYMENT_TARGET = 14.3;
				LD_RUNPATH_SEARCH_PATHS = (
					"$(inherited)",
					"@executable_path/Frameworks",
					"@loader_path/Frameworks",
				);
				PRODUCT_BUNDLE_IDENTIFIER = com.bean.InstagramFirestoreTutorialTests;
				PRODUCT_NAME = "$(TARGET_NAME)";
				SWIFT_VERSION = 5.0;
				TARGETED_DEVICE_FAMILY = "1,2";
				TEST_HOST = "$(BUILT_PRODUCTS_DIR)/InstagramFirestoreTutorial.app/InstagramFirestoreTutorial";
			};
			name = Release;
		};
		5DBAE9AB261A27E800F16CCB /* Debug */ = {
			isa = XCBuildConfiguration;
			baseConfigurationReference = E9A64B9B1598876405119844 /* Pods-InstagramFirestoreTutorial-InstagramFirestoreTutorialUITests.debug.xcconfig */;
			buildSettings = {
				ALWAYS_EMBED_SWIFT_STANDARD_LIBRARIES = YES;
				CODE_SIGN_STYLE = Automatic;
				INFOPLIST_FILE = InstagramFirestoreTutorialUITests/Info.plist;
				LD_RUNPATH_SEARCH_PATHS = (
					"$(inherited)",
					"@executable_path/Frameworks",
					"@loader_path/Frameworks",
				);
				PRODUCT_BUNDLE_IDENTIFIER = com.bean.InstagramFirestoreTutorialUITests;
				PRODUCT_NAME = "$(TARGET_NAME)";
				SWIFT_VERSION = 5.0;
				TARGETED_DEVICE_FAMILY = "1,2";
				TEST_TARGET_NAME = InstagramFirestoreTutorial;
			};
			name = Debug;
		};
		5DBAE9AC261A27E800F16CCB /* Release */ = {
			isa = XCBuildConfiguration;
			baseConfigurationReference = DE6CDBA210E36F430A6FA868 /* Pods-InstagramFirestoreTutorial-InstagramFirestoreTutorialUITests.release.xcconfig */;
			buildSettings = {
				ALWAYS_EMBED_SWIFT_STANDARD_LIBRARIES = YES;
				CODE_SIGN_STYLE = Automatic;
				INFOPLIST_FILE = InstagramFirestoreTutorialUITests/Info.plist;
				LD_RUNPATH_SEARCH_PATHS = (
					"$(inherited)",
					"@executable_path/Frameworks",
					"@loader_path/Frameworks",
				);
				PRODUCT_BUNDLE_IDENTIFIER = com.bean.InstagramFirestoreTutorialUITests;
				PRODUCT_NAME = "$(TARGET_NAME)";
				SWIFT_VERSION = 5.0;
				TARGETED_DEVICE_FAMILY = "1,2";
				TEST_TARGET_NAME = InstagramFirestoreTutorial;
			};
			name = Release;
		};
/* End XCBuildConfiguration section */

/* Begin XCConfigurationList section */
		5DBAE975261A27E700F16CCB /* Build configuration list for PBXProject "InstagramFirestoreTutorial" */ = {
			isa = XCConfigurationList;
			buildConfigurations = (
				5DBAE9A2261A27E800F16CCB /* Debug */,
				5DBAE9A3261A27E800F16CCB /* Release */,
			);
			defaultConfigurationIsVisible = 0;
			defaultConfigurationName = Release;
		};
		5DBAE9A4261A27E800F16CCB /* Build configuration list for PBXNativeTarget "InstagramFirestoreTutorial" */ = {
			isa = XCConfigurationList;
			buildConfigurations = (
				5DBAE9A5261A27E800F16CCB /* Debug */,
				5DBAE9A6261A27E800F16CCB /* Release */,
			);
			defaultConfigurationIsVisible = 0;
			defaultConfigurationName = Release;
		};
		5DBAE9A7261A27E800F16CCB /* Build configuration list for PBXNativeTarget "InstagramFirestoreTutorialTests" */ = {
			isa = XCConfigurationList;
			buildConfigurations = (
				5DBAE9A8261A27E800F16CCB /* Debug */,
				5DBAE9A9261A27E800F16CCB /* Release */,
			);
			defaultConfigurationIsVisible = 0;
			defaultConfigurationName = Release;
		};
		5DBAE9AA261A27E800F16CCB /* Build configuration list for PBXNativeTarget "InstagramFirestoreTutorialUITests" */ = {
			isa = XCConfigurationList;
			buildConfigurations = (
				5DBAE9AB261A27E800F16CCB /* Debug */,
				5DBAE9AC261A27E800F16CCB /* Release */,
			);
			defaultConfigurationIsVisible = 0;
			defaultConfigurationName = Release;
		};
/* End XCConfigurationList section */
	};
	rootObject = 5DBAE972261A27E700F16CCB /* Project object */;
}
